
Microsoft Visual Studio Solution File, Format Version 12.00
# Visual Studio Version 16
VisualStudioVersion = 16.0.29102.190
MinimumVisualStudioVersion = 10.0.40219.1
Project("{9A19103F-16F7-4668-BE54-9A1E7A4F7556}") = "WebAPI", "ODataExample\WebAPI.csproj", "{FE16C019-B460-4DC9-9188-B6A9B556DAD4}"
EndProject
Project("{FAE04EC0-301F-11D3-BF4B-00C04F79EFBC}") = "DTOs", "DTOs\DTOs.csproj", "{AC5FDE2A-2F12-420F-B014-735BDC91289D}"
EndProject
Project("{FAE04EC0-301F-11D3-BF4B-00C04F79EFBC}") = "Persistence", "Persistence\Persistence.csproj", "{BBD66D01-3465-4612-A53F-E4E14FDB55D4}"
EndProject
Global
	GlobalSection(SolutionConfigurationPlatforms) = preSolution
		Debug|Any CPU = Debug|Any CPU
		Release|Any CPU = Release|Any CPU
	EndGlobalSection
	GlobalSection(ProjectConfigurationPlatforms) = postSolution
		{FE16C019-B460-4DC9-9188-B6A9B556DAD4}.Debug|Any CPU.ActiveCfg = Debug|Any CPU
		{FE16C019-B460-4DC9-9188-B6A9B556DAD4}.Debug|Any CPU.Build.0 = Debug|Any CPU
		{FE16C019-B460-4DC9-9188-B6A9B556DAD4}.Release|Any CPU.ActiveCfg = Release|Any CPU
		{FE16C019-B460-4DC9-9188-B6A9B556DAD4}.Release|Any CPU.Build.0 = Release|Any CPU
		{AC5FDE2A-2F12-420F-B014-735BDC91289D}.Debug|Any CPU.ActiveCfg = Debug|Any CPU
		{AC5FDE2A-2F12-420F-B014-735BDC91289D}.Debug|Any CPU.Build.0 = Debug|Any CPU
		{AC5FDE2A-2F12-420F-B014-735BDC91289D}.Release|Any CPU.ActiveCfg = Release|Any CPU
		{AC5FDE2A-2F12-420F-B014-735BDC91289D}.Release|Any CPU.Build.0 = Release|Any CPU
		{BBD66D01-3465-4612-A53F-E4E14FDB55D4}.Debug|Any CPU.ActiveCfg = Debug|Any CPU
		{BBD66D01-3465-4612-A53F-E4E14FDB55D4}.Debug|Any CPU.Build.0 = Debug|Any CPU
		{BBD66D01-3465-4612-A53F-E4E14FDB55D4}.Release|Any CPU.ActiveCfg = Release|Any CPU
		{BBD66D01-3465-4612-A53F-E4E14FDB55D4}.Release|Any CPU.Build.0 = Release|Any CPU
	EndGlobalSection
	GlobalSection(SolutionProperties) = preSolution
		HideSolutionNode = FALSE
	EndGlobalSection
	GlobalSection(ExtensibilityGlobals) = postSolution
		SolutionGuid = {F74239D4-0034-4F68-9C37-861245F0F525}
	EndGlobalSection
EndGlobal
